{
	"name": "@nightcycle/future",
	"version": "1.0.2",
	"lockfileVersion": 3,
	"requires": true,
	"packages": {
		"": {
			"name": "@nightcycle/future",
			"version": "1.0.2",
			"license": "Apache-2.0",
			"dependencies": {
				"@nightcycle/error": "^0",
				"@nightcycle/option": "^0"
			},
			"devDependencies": {
				"npmluau": "^0.1.1"
			}
		},
		"node_modules/@nightcycle/error": {
			"version": "0.5.3",
			"license": "Apache-2.0",
			"dependencies": {
				"@nightcycle/option": "^0"
			}
		},
		"node_modules/@nightcycle/option": {
			"version": "0.7.0",
			"license": "Apache-2.0"
		},
		"node_modules/commander": {
			"version": "11.1.0",
			"dev": true,
			"license": "MIT",
			"engines": {
				"node": ">=16"
			}
		},
		"node_modules/npmluau": {
			"version": "0.1.2",
			"dev": true,
			"license": "MIT",
			"dependencies": {
				"commander": "^11.0.0",
				"walkdir": "^0.4.1"
			},
			"bin": {
				"npmluau": "main.js"
			}
		},
		"node_modules/walkdir": {
			"version": "0.4.1",
			"dev": true,
			"license": "MIT",
			"engines": {
				"node": ">=6.0.0"
			}
		}
	}
}
